// !$*UTF8*$!
{
	archiveVersion = 1;
	classes = {
	};
	objectVersion = 46;
	objects = {

/* Begin PBXBuildFile section */
		A9D7A5D91BF3217B007293DD /* AppDelegate.swift in Sources */ = {isa = PBXBuildFile; fileRef = A9D7A5D81BF3217B007293DD /* AppDelegate.swift */; };
		A9D7A5DB1BF3217B007293DD /* ViewController.swift in Sources */ = {isa = PBXBuildFile; fileRef = A9D7A5DA1BF3217B007293DD /* ViewController.swift */; };
		A9D7A5DE1BF3217B007293DD /* Main.storyboard in Resources */ = {isa = PBXBuildFile; fileRef = A9D7A5DC1BF3217B007293DD /* Main.storyboard */; };
		A9D7A5E01BF3217C007293DD /* Assets.xcassets in Resources */ = {isa = PBXBuildFile; fileRef = A9D7A5DF1BF3217C007293DD /* Assets.xcassets */; };
		A9D7A5E31BF3217C007293DD /* LaunchScreen.storyboard in Resources */ = {isa = PBXBuildFile; fileRef = A9D7A5E11BF3217C007293DD /* LaunchScreen.storyboard */; };
/* End PBXBuildFile section */

/* Begin PBXFileReference section */
		A9D7A5D51BF3217B007293DD /* Navigation & Menu Bars.app */ = {isa = PBXFileReference; explicitFileType = wrapper.application; includeInIndex = 0; path = "Navigation & Menu Bars.app"; sourceTree = BUILT_PRODUCTS_DIR; };
		A9D7A5D81BF3217B007293DD /* AppDelegate.swift */ = {isa = PBXFileReference; lastKnownFileType = sourcecode.swift; path = AppDelegate.swift; sourceTree = "<group>"; };
		A9D7A5DA1BF3217B007293DD /* ViewController.swift */ = {isa = PBXFileReference; lastKnownFileType = sourcecode.swift; path = ViewController.swift; sourceTree = "<group>"; };
		A9D7A5DD1BF3217B007293DD /* Base */ = {isa = PBXFileReference; lastKnownFileType = file.storyboard; name = Base; path = Base.lproj/Main.storyboard; sourceTree = "<group>"; };
		A9D7A5DF1BF3217C007293DD /* Assets.xcassets */ = {isa = PBXFileReference; lastKnownFileType = folder.assetcatalog; path = Assets.xcassets; sourceTree = "<group>"; };
		A9D7A5E21BF3217C007293DD /* Base */ = {isa = PBXFileReference; lastKnownFileType = file.storyboard; name = Base; path = Base.lproj/LaunchScreen.storyboard; sourceTree = "<group>"; };
		A9D7A5E41BF3217C007293DD /* Info.plist */ = {isa = PBXFileReference; lastKnownFileType = text.plist.xml; path = Info.plist; sourceTree = "<group>"; };
/* End PBXFileReference section */

/* Begin PBXFrameworksBuildPhase section */
		A9D7A5D21BF3217B007293DD /* Frameworks */ = {
			isa = PBXFrameworksBuildPhase;
			buildActionMask = 2147483647;
			files = (
			);
			runOnlyForDeploymentPostprocessing = 0;
		};
/* End PBXFrameworksBuildPhase section */

/* Begin PBXGroup section */
		A9D7A5CC1BF3217B007293DD = {
			isa = PBXGroup;
			children = (
				A9D7A5D71BF3217B007293DD /* Navigation & Menu Bars */,
				A9D7A5D61BF3217B007293DD /* Products */,
			);
			sourceTree = "<group>";
		};
		A9D7A5D61BF3217B007293DD /* Products */ = {
			isa = PBXGroup;
			children = (
				A9D7A5D51BF3217B007293DD /* Navigation & Menu Bars.app */,
			);
			name = Products;
			sourceTree = "<group>";
		};
		A9D7A5D71BF3217B007293DD /* Navigation & Menu Bars */ = {
			isa = PBXGroup;
			children = (
				A9D7A5D81BF3217B007293DD /* AppDelegate.swift */,
				A9D7A5DA1BF3217B007293DD /* ViewController.swift */,
				A9D7A5DC1BF3217B007293DD /* Main.storyboard */,
				A9D7A5DF1BF3217C007293DD /* Assets.xcassets */,
				A9D7A5E11BF3217C007293DD /* LaunchScreen.storyboard */,
				A9D7A5E41BF3217C007293DD /* Info.plist */,
			);
			path = "Navigation & Menu Bars";
			sourceTree = "<group>";
		};
/* End PBXGroup section */

/* Begin PBXNativeTarget section */
		A9D7A5D41BF3217B007293DD /* Navigation & Menu Bars */ = {
			isa = PBXNativeTarget;
			buildConfigurationList = A9D7A5E71BF3217C007293DD /* Build configuration list for PBXNativeTarget "Navigation & Menu Bars" */;
			buildPhases = (
				A9D7A5D11BF3217B007293DD /* Sources */,
				A9D7A5D21BF3217B007293DD /* Frameworks */,
				A9D7A5D31BF3217B007293DD /* Resources */,
			);
			buildRules = (
			);
			dependencies = (
			);
			name = "Navigation & Menu Bars";
			productName = "Navigation & Menu Bars";
			productReference = A9D7A5D51BF3217B007293DD /* Navigation & Menu Bars.app */;
			productType = "com.apple.product-type.application";
		};
/* End PBXNativeTarget section */

/* Begin PBXProject section */
		A9D7A5CD1BF3217B007293DD /* Project object */ = {
			isa = PBXProject;
			attributes = {
				LastSwiftUpdateCheck = 0710;
				LastUpgradeCheck = 0710;
				ORGANIZATIONNAME = AleFernandez;
				TargetAttributes = {
					A9D7A5D41BF3217B007293DD = {
						CreatedOnToolsVersion = 7.1.1;
					};
				};
			};
			buildConfigurationList = A9D7A5D01BF3217B007293DD /* Build configuration list for PBXProject "Navigation & Menu Bars" */;
			compatibilityVersion = "Xcode 3.2";
			developmentRegion = English;
			hasScannedForEncodings = 0;
			knownRegions = (
				en,
				Base,
			);
			mainGroup = A9D7A5CC1BF3217B007293DD;
			productRefGroup = A9D7A5D61BF3217B007293DD /* Products */;
			projectDirPath = "";
			projectRoot = "";
			targets = (
				A9D7A5D41BF3217B007293DD /* Navigation & Menu Bars */,
			);
		};
/* End PBXProject section */

/* Begin PBXResourcesBuildPhase section */
		A9D7A5D31BF3217B007293DD /* Resources */ = {
			isa = PBXResourcesBuildPhase;
			buildActionMask = 2147483647;
			files = (
				A9D7A5E31BF3217C007293DD /* LaunchScreen.storyboard in Resources */,
				A9D7A5E01BF3217C007293DD /* Assets.xcassets in Resources */,
				A9D7A5DE1BF3217B007293DD /* Main.storyboard in Resources */,
			);
			runOnlyForDeploymentPostprocessing = 0;
		};
/* End PBXResourcesBuildPhase section */

/* Begin PBXSourcesBuildPhase section */
		A9D7A5D11BF3217B007293DD /* Sources */ = {
			isa = PBXSourcesBuildPhase;
			buildActionMask = 2147483647;
			files = (
				A9D7A5DB1BF3217B007293DD /* ViewController.swift in Sources */,
				A9D7A5D91BF3217B007293DD /* AppDelegate.swift in Sources */,
			);
			runOnlyForDeploymentPostprocessing = 0;
		};
/* End PBXSourcesBuildPhase section */

/* Begin PBXVariantGroup section */
		A9D7A5DC1BF3217B007293DD /* Main.storyboard */ = {
			isa = PBXVariantGroup;
			children = (
				A9D7A5DD1BF3217B007293DD /* Base */,
			);
			name = Main.storyboard;
			sourceTree = "<group>";
		};
		A9D7A5E11BF3217C007293DD /* LaunchScreen.storyboard */ = {
			isa = PBXVariantGroup;
			children = (
				A9D7A5E21BF3217C007293DD /* Base */,
			);
			name = LaunchScreen.storyboard;
			sourceTree = "<group>";
		};
/* End PBXVariantGroup section */

/* Begin XCBuildConfiguration section */
		A9D7A5E51BF3217C007293DD /* Debug */ = {
			isa = XCBuildConfiguration;
			buildSettings = {
				ALWAYS_SEARCH_USER_PATHS = NO;
				CLANG_CXX_LANGUAGE_STANDARD = "gnu++0x";
				CLANG_CXX_LIBRARY = "libc++";
				CLANG_ENABLE_MODULES = YES;
				CLANG_ENABLE_OBJC_ARC = YES;
				CLANG_WARN_BOOL_CONVERSION = YES;
				CLANG_WARN_CONSTANT_CONVERSION = YES;
				CLANG_WARN_DIRECT_OBJC_ISA_USAGE = YES_ERROR;
				CLANG_WARN_EMPTY_BODY = YES;
				CLANG_WARN_ENUM_CONVERSION = YES;
				CLANG_WARN_INT_CONVERSION = YES;
				CLANG_WARN_OBJC_ROOT_CLASS = YES_ERROR;
				CLANG_WARN_UNREACHABLE_CODE = YES;
				CLANG_WARN__DUPLICATE_METHOD_MATCH = YES;
				"CODE_SIGN_IDENTITY[sdk=iphoneos*]" = "iPhone Developer";
				COPY_PHASE_STRIP = NO;
				DEBUG_INFORMATION_FORMAT = dwarf;
				ENABLE_STRICT_OBJC_MSGSEND = YES;
				ENABLE_TESTABILITY = YES;
				GCC_C_LANGUAGE_STANDARD = gnu99;
				GCC_DYNAMIC_NO_PIC = NO;
				GCC_NO_COMMON_BLOCKS = YES;
				GCC_OPTIMIZATION_LEVEL = 0;
				GCC_PREPROCESSOR_DEFINITIONS = (
					"DEBUG=1",
					"$(inherited)",
				);
				GCC_WARN_64_TO_32_BIT_CONVERSION = YES;
				GCC_WARN_ABOUT_RETURN_TYPE = YES_ERROR;
				GCC_WARN_UNDECLARED_SELECTOR = YES;
				GCC_WARN_UNINITIALIZED_AUTOS = YES_AGGRESSIVE;
				GCC_WARN_UNUSED_FUNCTION = YES;
				GCC_WARN_UNUSED_VARIABLE = YES;
				IPHONEOS_DEPLOYMENT_TARGET = 9.1;
				MTL_ENABLE_DEBUG_INFO = YES;
				ONLY_ACTIVE_ARCH = YES;
				SDKROOT = iphoneos;
				SWIFT_OPTIMIZATION_LEVEL = "-Onone";
			};
			name = Debug;
		};
		A9D7A5E61BF3217C007293DD /* Release */ = {
			isa = XCBuildConfiguration;
			buildSettings = {
				ALWAYS_SEARCH_USER_PATHS = NO;
				CLANG_CXX_LANGUAGE_STANDARD = "gnu++0x";
				CLANG_CXX_LIBRARY = "libc++";
				CLANG_ENABLE_MODULES = YES;
				CLANG_ENABLE_OBJC_ARC = YES;
				CLANG_WARN_BOOL_CONVERSION = YES;
				CLANG_WARN_CONSTANT_CONVERSION = YES;
				CLANG_WARN_DIRECT_OBJC_ISA_USAGE = YES_ERROR;
				CLANG_WARN_EMPTY_BODY = YES;
				CLANG_WARN_ENUM_CONVERSION = YES;
				CLANG_WARN_INT_CONVERSION = YES;
				CLANG_WARN_OBJC_ROOT_CLASS = YES_ERROR;
				CLANG_WARN_UNREACHABLE_CODE = YES;
				CLANG_WARN__DUPLICATE_METHOD_MATCH = YES;
				"CODE_SIGN_IDENTITY[sdk=iphoneos*]" = "iPhone Developer";
				COPY_PHASE_STRIP = NO;
				DEBUG_INFORMATION_FORMAT = "dwarf-with-dsym";
				ENABLE_NS_ASSERTIONS = NO;
				ENABLE_STRICT_OBJC_MSGSEND = YES;
				GCC_C_LANGUAGE_STANDARD = gnu99;
				GCC_NO_COMMON_BLOCKS = YES;
				GCC_WARN_64_TO_32_BIT_CONVERSION = YES;
				GCC_WARN_ABOUT_RETURN_TYPE = YES_ERROR;
				GCC_WARN_UNDECLARED_SELECTOR = YES;
				GCC_WARN_UNINITIALIZED_AUTOS = YES_AGGRESSIVE;
				GCC_WARN_UNUSED_FUNCTION = YES;
				GCC_WARN_UNUSED_VARIABLE = YES;
				IPHONEOS_DEPLOYMENT_TARGET = 9.1;
				MTL_ENABLE_DEBUG_INFO = NO;
				SDKROOT = iphoneos;
				VALIDATE_PRODUCT = YES;
			};
			name = Release;
		};
		A9D7A5E81BF3217C007293DD /* Debug */ = {
			isa = XCBuildConfiguration;
			buildSettings = {
				ASSETCATALOG_COMPILER_APPICON_NAME = AppIcon;
				INFOPLIST_FILE = "Navigation & Menu Bars/Info.plist";
				LD_RUNPATH_SEARCH_PATHS = "$(inherited) @executable_path/Frameworks";
				PRODUCT_BUNDLE_IDENTIFIER = "com.alefernandez.Navigation---Menu-Bars";
				PRODUCT_NAME = "$(TARGET_NAME)";
			};
			name = Debug;
		};
		A9D7A5E91BF3217C007293DD /* Release */ = {
			isa = XCBuildConfiguration;
			buildSettings = {
				ASSETCATALOG_COMPILER_APPICON_NAME = AppIcon;
				INFOPLIST_FILE = "Navigation & Menu Bars/Info.plist";
				LD_RUNPATH_SEARCH_PATHS = "$(inherited) @executable_path/Frameworks";
				PRODUCT_BUNDLE_IDENTIFIER = "com.alefernandez.Navigation---Menu-Bars";
				PRODUCT_NAME = "$(TARGET_NAME)";
			};
			name = Release;
		};
/* End XCBuildConfiguration section */

/* Begin XCConfigurationList section */
		A9D7A5D01BF3217B007293DD /* Build configuration list for PBXProject "Navigation & Menu Bars" */ = {
			isa = XCConfigurationList;
			buildConfigurations = (
				A9D7A5E51BF3217C007293DD /* Debug */,
				A9D7A5E61BF3217C007293DD /* Release */,
			);
			defaultConfigurationIsVisible = 0;
			defaultConfigurationName = Release;
		};
		A9D7A5E71BF3217C007293DD /* Build configuration list for PBXNativeTarget "Navigation & Menu Bars" */ = {
			isa = XCConfigurationList;
			buildConfigurations = (
				A9D7A5E81BF3217C007293DD /* Debug */,
				A9D7A5E91BF3217C007293DD /* Release */,
			);
			defaultConfigurationIsVisible = 0;
		};
/* End XCConfigurationList section */
	};
	rootObject = A9D7A5CD1BF3217B007293DD /* Project object */;
}
